
Microsoft Visual Studio Solution File, Format Version 12.00
# Visual Studio 15
VisualStudioVersion = 15.0.28307.1684
MinimumVisualStudioVersion = 10.0.40219.1
Project("{8BC9CEB8-8B4A-11D0-8D11-00A0C91BC942}") = "8queens", "8queens\8queens.vcxproj", "{B17B44CF-2D09-4419-820E-9D244AF22F09}"
EndProject
Global
	GlobalSection(SolutionConfigurationPlatforms) = preSolution
		Debug|x64 = Debug|x64
		Debug|x86 = Debug|x86
		Release|x64 = Release|x64
		Release|x86 = Release|x86
	EndGlobalSection
	GlobalSection(ProjectConfigurationPlatforms) = postSolution
		{B17B44CF-2D09-4419-820E-9D244AF22F09}.Debug|x64.ActiveCfg = Debug|x64
		{B17B44CF-2D09-4419-820E-9D244AF22F09}.Debug|x64.Build.0 = Debug|x64
		{B17B44CF-2D09-4419-820E-9D244AF22F09}.Debug|x86.ActiveCfg = Debug|Win32
		{B17B44CF-2D09-4419-820E-9D244AF22F09}.Debug|x86.Build.0 = Debug|Win32
		{B17B44CF-2D09-4419-820E-9D244AF22F09}.Release|x64.ActiveCfg = Release|x64
		{B17B44CF-2D09-4419-820E-9D244AF22F09}.Release|x64.Build.0 = Release|x64
		{B17B44CF-2D09-4419-820E-9D244AF22F09}.Release|x86.ActiveCfg = Release|Win32
		{B17B44CF-2D09-4419-820E-9D244AF22F09}.Release|x86.Build.0 = Release|Win32
	EndGlobalSection
	GlobalSection(SolutionProperties) = preSolution
		HideSolutionNode = FALSE
	EndGlobalSection
	GlobalSection(ExtensibilityGlobals) = postSolution
		SolutionGuid = {BB0C7B39-7390-467F-9F6E-A5A0025EE289}
	EndGlobalSection
EndGlobal
